
Microsoft Visual Studio Solution File, Format Version 12.00
# Visual Studio Version 17
VisualStudioVersion = 17.4.33205.214
MinimumVisualStudioVersion = 10.0.40219.1
Project("{9A19103F-16F7-4668-BE54-9A1E7A4F7556}") = "Service Valorant WallPaper Changer", "Service Valorant WallPaper Changer.csproj", "{7DC519F4-3B1A-4DA0-AACE-CD4E5BE07ABD}"
EndProject
Project("{9A19103F-16F7-4668-BE54-9A1E7A4F7556}") = "Gui Valorant Wallper Changer", "..\Gui Valorant Wallper Changer\Gui Valorant Wallper Changer.csproj", "{7CA52035-3FC5-4035-8E29-CC73BD370480}"
EndProject
Project("{54435603-DBB4-11D2-8724-00A0C9A8B90C}") = "Valorant Wallpaper Service Installer", "..\Valorant Wallpaper Service Installer\Valorant Wallpaper Service Installer.vdproj", "{DE9DC791-5FCC-4F52-B77C-61C8C356DC26}"
EndProject
Global
	GlobalSection(SolutionConfigurationPlatforms) = preSolution
		Debug|Any CPU = Debug|Any CPU
		Release|Any CPU = Release|Any CPU
	EndGlobalSection
	GlobalSection(ProjectConfigurationPlatforms) = postSolution
		{7DC519F4-3B1A-4DA0-AACE-CD4E5BE07ABD}.Debug|Any CPU.ActiveCfg = Debug|Any CPU
		{7DC519F4-3B1A-4DA0-AACE-CD4E5BE07ABD}.Debug|Any CPU.Build.0 = Debug|Any CPU
		{7DC519F4-3B1A-4DA0-AACE-CD4E5BE07ABD}.Release|Any CPU.ActiveCfg = Release|Any CPU
		{7DC519F4-3B1A-4DA0-AACE-CD4E5BE07ABD}.Release|Any CPU.Build.0 = Release|Any CPU
		{7CA52035-3FC5-4035-8E29-CC73BD370480}.Debug|Any CPU.ActiveCfg = Debug|Any CPU
		{7CA52035-3FC5-4035-8E29-CC73BD370480}.Debug|Any CPU.Build.0 = Debug|Any CPU
		{7CA52035-3FC5-4035-8E29-CC73BD370480}.Release|Any CPU.ActiveCfg = Release|Any CPU
		{7CA52035-3FC5-4035-8E29-CC73BD370480}.Release|Any CPU.Build.0 = Release|Any CPU
		{DE9DC791-5FCC-4F52-B77C-61C8C356DC26}.Debug|Any CPU.ActiveCfg = Debug
		{DE9DC791-5FCC-4F52-B77C-61C8C356DC26}.Debug|Any CPU.Build.0 = Debug
		{DE9DC791-5FCC-4F52-B77C-61C8C356DC26}.Release|Any CPU.ActiveCfg = Release
		{DE9DC791-5FCC-4F52-B77C-61C8C356DC26}.Release|Any CPU.Build.0 = Release
	EndGlobalSection
	GlobalSection(SolutionProperties) = preSolution
		HideSolutionNode = FALSE
	EndGlobalSection
	GlobalSection(ExtensibilityGlobals) = postSolution
		SolutionGuid = {D4AC8B64-FA2A-4FB8-80E8-F8D2036F8AE2}
	EndGlobalSection
EndGlobal
